
Microsoft Visual Studio Solution File, Format Version 12.00
# Visual Studio Version 16
VisualStudioVersion = 16.0.29123.88
MinimumVisualStudioVersion = 10.0.40219.1
Project("{9A19103F-16F7-4668-BE54-9A1E7A4F7556}") = "CSharp2020", "CSharp2020\CSharp2020.csproj", "{FEA67B01-49C6-4467-8D66-D699AFC233C9}"
EndProject
Project("{9A19103F-16F7-4668-BE54-9A1E7A4F7556}") = "1.2.algoritmi", "1.2.algoritmi\1.2.algoritmi.csproj", "{C771BE06-6EC1-43D5-AAFE-52D3BF8A1164}"
EndProject
Project("{2150E333-8FDC-42A3-9474-1A3956D46DE8}") = "2_osnove", "2_osnove", "{9B1E0DD0-378D-48A0-9028-E8D7BFA8B6A2}"
EndProject
Project("{9A19103F-16F7-4668-BE54-9A1E7A4F7556}") = "2_2_5_primjeroperator", "2_2_5_primjeroperator\2_2_5_primjeroperator.csproj", "{1874C205-E06C-4D68-B262-9FFBF45C2DF6}"
EndProject
Project("{9A19103F-16F7-4668-BE54-9A1E7A4F7556}") = "2_2_10_2_operatori", "2_2_10_2_operatori\2_2_10_2_operatori.csproj", "{59021B2C-87ED-42F0-AB74-AC49D9E05E2C}"
EndProject
Project("{9A19103F-16F7-4668-BE54-9A1E7A4F7556}") = "ReadLineTest", "ReadLineTest\ReadLineTest.csproj", "{2B24454D-C9C1-4905-B8B5-5D87A5A9F783}"
EndProject
Project("{2150E333-8FDC-42A3-9474-1A3956D46DE8}") = "5_uvjetnogrananje", "5_uvjetnogrananje", "{C68F3413-42B2-4B2C-812F-B32A32066FDF}"
EndProject
Project("{9A19103F-16F7-4668-BE54-9A1E7A4F7556}") = "naredba_if", "uvjetnogrananje\naredba_if.csproj", "{FF05CCF8-7735-463D-8A77-760CAC4EA1FE}"
EndProject
Project("{9A19103F-16F7-4668-BE54-9A1E7A4F7556}") = "prosireni_if", "prosireni_if\prosireni_if.csproj", "{1058DE53-94EF-4191-A40F-7B26EC3C9822}"
EndProject
Project("{9A19103F-16F7-4668-BE54-9A1E7A4F7556}") = "5.2.2_kalkulator", "5.2.2_kalkulator\5.2.2_kalkulator.csproj", "{FA4C4AB0-E1CF-4361-AC2B-77B0D12181C7}"
EndProject
Project("{9A19103F-16F7-4668-BE54-9A1E7A4F7556}") = "5.2.3_velikibroj", "5.2.3_velikibroj\5.2.3_velikibroj.csproj", "{0872BDC7-DC7C-4959-8584-E7D47F1676A1}"
EndProject
Project("{9A19103F-16F7-4668-BE54-9A1E7A4F7556}") = "5.2.3_velikibroj_druginacin", "5.2.3_velikibroj_druginacin\5.2.3_velikibroj_druginacin.csproj", "{5B112552-6D46-492C-8280-8BFA11CAD65E}"
EndProject
Project("{9A19103F-16F7-4668-BE54-9A1E7A4F7556}") = "Prijestupna_godina", "Prijestupna_godina\Prijestupna_godina.csproj", "{9943E20C-E804-4692-A0A9-B5CD4E73ABE8}"
EndProject
Project("{2150E333-8FDC-42A3-9474-1A3956D46DE8}") = "5.3_ciklickepetlje", "5.3_ciklickepetlje", "{C3EED3CF-AF7F-4472-A1FC-31390D0CBA61}"
EndProject
Project("{9A19103F-16F7-4668-BE54-9A1E7A4F7556}") = "5.2.2_danutjednu", "5.2.2_danutjednu\5.2.2_danutjednu.csproj", "{6E919F5F-9EBA-4A25-A511-575A1FDF149A}"
EndProject
Project("{9A19103F-16F7-4668-BE54-9A1E7A4F7556}") = "strukturirano_upravljanje_exceptionima", "strukturirano_upravljanje_exceptionima\strukturirano_upravljanje_exceptionima.csproj", "{D262311C-05EE-449F-899F-537F6AEA133D}"
EndProject
Project("{9A19103F-16F7-4668-BE54-9A1E7A4F7556}") = "5.2.4.1_userpass", "5.2.4.1_userpass\5.2.4.1_userpass.csproj", "{0453A240-3E40-400E-AD2A-703F35ED9C0A}"
EndProject
Project("{9A19103F-16F7-4668-BE54-9A1E7A4F7556}") = "5.3.1_for", "5.3.1_for\5.3.1_for.csproj", "{EE854B0A-79FA-431A-98A2-86A65FE9CDC0}"
EndProject
Project("{9A19103F-16F7-4668-BE54-9A1E7A4F7556}") = "kalkulator_2", "kalkulator_2\kalkulator_2.csproj", "{DD06DC8C-1049-4C66-ADCC-916BCB7DA457}"
EndProject
Project("{9A19103F-16F7-4668-BE54-9A1E7A4F7556}") = "zavrsni_uspjeh", "zavrsni_uspjeh\zavrsni_uspjeh.csproj", "{59D43773-24E8-4D66-A6DB-E75A8FB3F3BE}"
EndProject
Project("{2150E333-8FDC-42A3-9474-1A3956D46DE8}") = "6.Nizovi", "6.Nizovi", "{BAAA754B-15FF-4E5F-BDB7-333ADF2612DC}"
EndProject
Project("{9A19103F-16F7-4668-BE54-9A1E7A4F7556}") = "6_nizovi_liste", "6_nizovi_liste\6_nizovi_liste.csproj", "{B2DA4AD7-0EA1-4CDE-BC50-7FE049961BAE}"
EndProject
Project("{FAE04EC0-301F-11D3-BF4B-00C04F79EFBC}") = "unos_ispis", "unos_ispis\unos_ispis.csproj", "{D6D327E6-D846-4DCB-930B-B2C95DC06DB3}"
EndProject
Global
	GlobalSection(SolutionConfigurationPlatforms) = preSolution
		Debug|Any CPU = Debug|Any CPU
		Release|Any CPU = Release|Any CPU
	EndGlobalSection
	GlobalSection(ProjectConfigurationPlatforms) = postSolution
		{FEA67B01-49C6-4467-8D66-D699AFC233C9}.Debug|Any CPU.ActiveCfg = Debug|Any CPU
		{FEA67B01-49C6-4467-8D66-D699AFC233C9}.Debug|Any CPU.Build.0 = Debug|Any CPU
		{FEA67B01-49C6-4467-8D66-D699AFC233C9}.Release|Any CPU.ActiveCfg = Release|Any CPU
		{FEA67B01-49C6-4467-8D66-D699AFC233C9}.Release|Any CPU.Build.0 = Release|Any CPU
		{C771BE06-6EC1-43D5-AAFE-52D3BF8A1164}.Debug|Any CPU.ActiveCfg = Debug|Any CPU
		{C771BE06-6EC1-43D5-AAFE-52D3BF8A1164}.Debug|Any CPU.Build.0 = Debug|Any CPU
		{C771BE06-6EC1-43D5-AAFE-52D3BF8A1164}.Release|Any CPU.ActiveCfg = Release|Any CPU
		{C771BE06-6EC1-43D5-AAFE-52D3BF8A1164}.Release|Any CPU.Build.0 = Release|Any CPU
		{1874C205-E06C-4D68-B262-9FFBF45C2DF6}.Debug|Any CPU.ActiveCfg = Debug|Any CPU
		{1874C205-E06C-4D68-B262-9FFBF45C2DF6}.Debug|Any CPU.Build.0 = Debug|Any CPU
		{1874C205-E06C-4D68-B262-9FFBF45C2DF6}.Release|Any CPU.ActiveCfg = Release|Any CPU
		{1874C205-E06C-4D68-B262-9FFBF45C2DF6}.Release|Any CPU.Build.0 = Release|Any CPU
		{59021B2C-87ED-42F0-AB74-AC49D9E05E2C}.Debug|Any CPU.ActiveCfg = Debug|Any CPU
		{59021B2C-87ED-42F0-AB74-AC49D9E05E2C}.Debug|Any CPU.Build.0 = Debug|Any CPU
		{59021B2C-87ED-42F0-AB74-AC49D9E05E2C}.Release|Any CPU.ActiveCfg = Release|Any CPU
		{59021B2C-87ED-42F0-AB74-AC49D9E05E2C}.Release|Any CPU.Build.0 = Release|Any CPU
		{2B24454D-C9C1-4905-B8B5-5D87A5A9F783}.Debug|Any CPU.ActiveCfg = Debug|Any CPU
		{2B24454D-C9C1-4905-B8B5-5D87A5A9F783}.Debug|Any CPU.Build.0 = Debug|Any CPU
		{2B24454D-C9C1-4905-B8B5-5D87A5A9F783}.Release|Any CPU.ActiveCfg = Release|Any CPU
		{2B24454D-C9C1-4905-B8B5-5D87A5A9F783}.Release|Any CPU.Build.0 = Release|Any CPU
		{FF05CCF8-7735-463D-8A77-760CAC4EA1FE}.Debug|Any CPU.ActiveCfg = Debug|Any CPU
		{FF05CCF8-7735-463D-8A77-760CAC4EA1FE}.Debug|Any CPU.Build.0 = Debug|Any CPU
		{FF05CCF8-7735-463D-8A77-760CAC4EA1FE}.Release|Any CPU.ActiveCfg = Release|Any CPU
		{FF05CCF8-7735-463D-8A77-760CAC4EA1FE}.Release|Any CPU.Build.0 = Release|Any CPU
		{1058DE53-94EF-4191-A40F-7B26EC3C9822}.Debug|Any CPU.ActiveCfg = Debug|Any CPU
		{1058DE53-94EF-4191-A40F-7B26EC3C9822}.Debug|Any CPU.Build.0 = Debug|Any CPU
		{1058DE53-94EF-4191-A40F-7B26EC3C9822}.Release|Any CPU.ActiveCfg = Release|Any CPU
		{1058DE53-94EF-4191-A40F-7B26EC3C9822}.Release|Any CPU.Build.0 = Release|Any CPU
		{FA4C4AB0-E1CF-4361-AC2B-77B0D12181C7}.Debug|Any CPU.ActiveCfg = Debug|Any CPU
		{FA4C4AB0-E1CF-4361-AC2B-77B0D12181C7}.Debug|Any CPU.Build.0 = Debug|Any CPU
		{FA4C4AB0-E1CF-4361-AC2B-77B0D12181C7}.Release|Any CPU.ActiveCfg = Release|Any CPU
		{FA4C4AB0-E1CF-4361-AC2B-77B0D12181C7}.Release|Any CPU.Build.0 = Release|Any CPU
		{0872BDC7-DC7C-4959-8584-E7D47F1676A1}.Debug|Any CPU.ActiveCfg = Debug|Any CPU
		{0872BDC7-DC7C-4959-8584-E7D47F1676A1}.Debug|Any CPU.Build.0 = Debug|Any CPU
		{0872BDC7-DC7C-4959-8584-E7D47F1676A1}.Release|Any CPU.ActiveCfg = Release|Any CPU
		{0872BDC7-DC7C-4959-8584-E7D47F1676A1}.Release|Any CPU.Build.0 = Release|Any CPU
		{5B112552-6D46-492C-8280-8BFA11CAD65E}.Debug|Any CPU.ActiveCfg = Debug|Any CPU
		{5B112552-6D46-492C-8280-8BFA11CAD65E}.Debug|Any CPU.Build.0 = Debug|Any CPU
		{5B112552-6D46-492C-8280-8BFA11CAD65E}.Release|Any CPU.ActiveCfg = Release|Any CPU
		{5B112552-6D46-492C-8280-8BFA11CAD65E}.Release|Any CPU.Build.0 = Release|Any CPU
		{9943E20C-E804-4692-A0A9-B5CD4E73ABE8}.Debug|Any CPU.ActiveCfg = Debug|Any CPU
		{9943E20C-E804-4692-A0A9-B5CD4E73ABE8}.Debug|Any CPU.Build.0 = Debug|Any CPU
		{9943E20C-E804-4692-A0A9-B5CD4E73ABE8}.Release|Any CPU.ActiveCfg = Release|Any CPU
		{9943E20C-E804-4692-A0A9-B5CD4E73ABE8}.Release|Any CPU.Build.0 = Release|Any CPU
		{6E919F5F-9EBA-4A25-A511-575A1FDF149A}.Debug|Any CPU.ActiveCfg = Debug|Any CPU
		{6E919F5F-9EBA-4A25-A511-575A1FDF149A}.Debug|Any CPU.Build.0 = Debug|Any CPU
		{6E919F5F-9EBA-4A25-A511-575A1FDF149A}.Release|Any CPU.ActiveCfg = Release|Any CPU
		{6E919F5F-9EBA-4A25-A511-575A1FDF149A}.Release|Any CPU.Build.0 = Release|Any CPU
		{D262311C-05EE-449F-899F-537F6AEA133D}.Debug|Any CPU.ActiveCfg = Debug|Any CPU
		{D262311C-05EE-449F-899F-537F6AEA133D}.Debug|Any CPU.Build.0 = Debug|Any CPU
		{D262311C-05EE-449F-899F-537F6AEA133D}.Release|Any CPU.ActiveCfg = Release|Any CPU
		{D262311C-05EE-449F-899F-537F6AEA133D}.Release|Any CPU.Build.0 = Release|Any CPU
		{0453A240-3E40-400E-AD2A-703F35ED9C0A}.Debug|Any CPU.ActiveCfg = Debug|Any CPU
		{0453A240-3E40-400E-AD2A-703F35ED9C0A}.Debug|Any CPU.Build.0 = Debug|Any CPU
		{0453A240-3E40-400E-AD2A-703F35ED9C0A}.Release|Any CPU.ActiveCfg = Release|Any CPU
		{0453A240-3E40-400E-AD2A-703F35ED9C0A}.Release|Any CPU.Build.0 = Release|Any CPU
		{EE854B0A-79FA-431A-98A2-86A65FE9CDC0}.Debug|Any CPU.ActiveCfg = Debug|Any CPU
		{EE854B0A-79FA-431A-98A2-86A65FE9CDC0}.Debug|Any CPU.Build.0 = Debug|Any CPU
		{EE854B0A-79FA-431A-98A2-86A65FE9CDC0}.Release|Any CPU.ActiveCfg = Release|Any CPU
		{EE854B0A-79FA-431A-98A2-86A65FE9CDC0}.Release|Any CPU.Build.0 = Release|Any CPU
		{DD06DC8C-1049-4C66-ADCC-916BCB7DA457}.Debug|Any CPU.ActiveCfg = Debug|Any CPU
		{DD06DC8C-1049-4C66-ADCC-916BCB7DA457}.Debug|Any CPU.Build.0 = Debug|Any CPU
		{DD06DC8C-1049-4C66-ADCC-916BCB7DA457}.Release|Any CPU.ActiveCfg = Release|Any CPU
		{DD06DC8C-1049-4C66-ADCC-916BCB7DA457}.Release|Any CPU.Build.0 = Release|Any CPU
		{59D43773-24E8-4D66-A6DB-E75A8FB3F3BE}.Debug|Any CPU.ActiveCfg = Debug|Any CPU
		{59D43773-24E8-4D66-A6DB-E75A8FB3F3BE}.Debug|Any CPU.Build.0 = Debug|Any CPU
		{59D43773-24E8-4D66-A6DB-E75A8FB3F3BE}.Release|Any CPU.ActiveCfg = Release|Any CPU
		{59D43773-24E8-4D66-A6DB-E75A8FB3F3BE}.Release|Any CPU.Build.0 = Release|Any CPU
		{B2DA4AD7-0EA1-4CDE-BC50-7FE049961BAE}.Debug|Any CPU.ActiveCfg = Debug|Any CPU
		{B2DA4AD7-0EA1-4CDE-BC50-7FE049961BAE}.Debug|Any CPU.Build.0 = Debug|Any CPU
		{B2DA4AD7-0EA1-4CDE-BC50-7FE049961BAE}.Release|Any CPU.ActiveCfg = Release|Any CPU
		{B2DA4AD7-0EA1-4CDE-BC50-7FE049961BAE}.Release|Any CPU.Build.0 = Release|Any CPU
		{D6D327E6-D846-4DCB-930B-B2C95DC06DB3}.Debug|Any CPU.ActiveCfg = Debug|Any CPU
		{D6D327E6-D846-4DCB-930B-B2C95DC06DB3}.Debug|Any CPU.Build.0 = Debug|Any CPU
		{D6D327E6-D846-4DCB-930B-B2C95DC06DB3}.Release|Any CPU.ActiveCfg = Release|Any CPU
		{D6D327E6-D846-4DCB-930B-B2C95DC06DB3}.Release|Any CPU.Build.0 = Release|Any CPU
	EndGlobalSection
	GlobalSection(SolutionProperties) = preSolution
		HideSolutionNode = FALSE
	EndGlobalSection
	GlobalSection(NestedProjects) = preSolution
		{FEA67B01-49C6-4467-8D66-D699AFC233C9} = {9B1E0DD0-378D-48A0-9028-E8D7BFA8B6A2}
		{C771BE06-6EC1-43D5-AAFE-52D3BF8A1164} = {9B1E0DD0-378D-48A0-9028-E8D7BFA8B6A2}
		{1874C205-E06C-4D68-B262-9FFBF45C2DF6} = {9B1E0DD0-378D-48A0-9028-E8D7BFA8B6A2}
		{59021B2C-87ED-42F0-AB74-AC49D9E05E2C} = {9B1E0DD0-378D-48A0-9028-E8D7BFA8B6A2}
		{2B24454D-C9C1-4905-B8B5-5D87A5A9F783} = {9B1E0DD0-378D-48A0-9028-E8D7BFA8B6A2}
		{FF05CCF8-7735-463D-8A77-760CAC4EA1FE} = {C68F3413-42B2-4B2C-812F-B32A32066FDF}
		{1058DE53-94EF-4191-A40F-7B26EC3C9822} = {C68F3413-42B2-4B2C-812F-B32A32066FDF}
		{FA4C4AB0-E1CF-4361-AC2B-77B0D12181C7} = {C68F3413-42B2-4B2C-812F-B32A32066FDF}
		{0872BDC7-DC7C-4959-8584-E7D47F1676A1} = {C68F3413-42B2-4B2C-812F-B32A32066FDF}
		{5B112552-6D46-492C-8280-8BFA11CAD65E} = {C68F3413-42B2-4B2C-812F-B32A32066FDF}
		{9943E20C-E804-4692-A0A9-B5CD4E73ABE8} = {C68F3413-42B2-4B2C-812F-B32A32066FDF}
		{6E919F5F-9EBA-4A25-A511-575A1FDF149A} = {C68F3413-42B2-4B2C-812F-B32A32066FDF}
		{D262311C-05EE-449F-899F-537F6AEA133D} = {C68F3413-42B2-4B2C-812F-B32A32066FDF}
		{0453A240-3E40-400E-AD2A-703F35ED9C0A} = {C68F3413-42B2-4B2C-812F-B32A32066FDF}
		{EE854B0A-79FA-431A-98A2-86A65FE9CDC0} = {C3EED3CF-AF7F-4472-A1FC-31390D0CBA61}
		{DD06DC8C-1049-4C66-ADCC-916BCB7DA457} = {C3EED3CF-AF7F-4472-A1FC-31390D0CBA61}
		{59D43773-24E8-4D66-A6DB-E75A8FB3F3BE} = {C3EED3CF-AF7F-4472-A1FC-31390D0CBA61}
		{B2DA4AD7-0EA1-4CDE-BC50-7FE049961BAE} = {BAAA754B-15FF-4E5F-BDB7-333ADF2612DC}
		{D6D327E6-D846-4DCB-930B-B2C95DC06DB3} = {BAAA754B-15FF-4E5F-BDB7-333ADF2612DC}
	EndGlobalSection
	GlobalSection(ExtensibilityGlobals) = postSolution
		SolutionGuid = {82948EB5-6E29-47ED-BAC1-7CE74C088546}
	EndGlobalSection
EndGlobal
